{
  "format_version": "1.1",
  "terraform_version": "1.4.0",
  "planned_values": {
    "root_module": {
      "resources": [
        {
          "address": "aws_ebs_volume.example",
          "mode": "managed",
          "type": "aws_ebs_volume",
          "name": "example",
          "provider_name": "registry.terraform.io/hashicorp/aws",
          "schema_version": 0,
          "values": {
            "availability_zone": "us-east-1a",
            "final_snapshot": false,
            "multi_attach_enabled": null,
            "outpost_arn": null,
            "size": 8,
            "tags": {
              "Name": "HelloWorld 01"
            },
            "tags_all": {
              "Name": "HelloWorld 01"
            },
            "timeouts": null
          },
          "sensitive_values": {
            "tags": {},
            "tags_all": {}
          }
        },
        {
          "address": "aws_instance.api-canary01",
          "mode": "managed",
          "type": "aws_instance",
          "name": "api-canary01",
          "provider_name": "registry.terraform.io/hashicorp/aws",
          "schema_version": 1,
          "values": {
            "ami": "ami-005f9685cb30f234b",
            "credit_specification": [],
            "get_password_data": false,
            "hibernation": null,
            "instance_type": "t2.micro",
            "launch_template": [],
            "source_dest_check": true,
            "tags": {
              "Env": "canary",
              "Name": "api-canary01",
              "OS": "redhat",
              "Service": "api"
            },
            "tags_all": {
              "Env": "canary",
              "Name": "api-canary01",
              "OS": "redhat",
              "Service": "api"
            },
            "timeouts": null,
            "user_data_replace_on_change": false,
            "volume_tags": null
          },
          "sensitive_values": {
            "capacity_reservation_specification": [],
            "credit_specification": [],
            "ebs_block_device": [],
            "enclave_options": [],
            "ephemeral_block_device": [],
            "ipv6_addresses": [],
            "launch_template": [],
            "maintenance_options": [],
            "metadata_options": [],
            "network_interface": [],
            "private_dns_name_options": [],
            "root_block_device": [],
            "secondary_private_ips": [],
            "security_groups": [],
            "tags": {},
            "tags_all": {},
            "vpc_security_group_ids": []
          }
        },
        {
          "address": "aws_instance.api-canary02",
          "mode": "managed",
          "type": "aws_instance",
          "name": "api-canary02",
          "provider_name": "registry.terraform.io/hashicorp/aws",
          "schema_version": 1,
          "values": {
            "ami": "ami-005f9685cb30f234b",
            "credit_specification": [],
            "get_password_data": false,
            "hibernation": null,
            "instance_type": "t2.micro",
            "launch_template": [],
            "source_dest_check": true,
            "tags": {
              "Env": "canary",
              "Name": "api-canary02",
              "Service": "api"
            },
            "tags_all": {
              "Env": "canary",
              "Name": "api-canary02",
              "Service": "api"
            },
            "timeouts": null,
            "user_data_replace_on_change": false,
            "volume_tags": null
          },
          "sensitive_values": {
            "capacity_reservation_specification": [],
            "credit_specification": [],
            "ebs_block_device": [],
            "enclave_options": [],
            "ephemeral_block_device": [],
            "ipv6_addresses": [],
            "launch_template": [],
            "maintenance_options": [],
            "metadata_options": [],
            "network_interface": [],
            "private_dns_name_options": [],
            "root_block_device": [],
            "secondary_private_ips": [],
            "security_groups": [],
            "tags": {},
            "tags_all": {},
            "vpc_security_group_ids": []
          }
        },
        {
          "address": "aws_instance.rpc-canary01",
          "mode": "managed",
          "type": "aws_instance",
          "name": "rpc-canary01",
          "provider_name": "registry.terraform.io/hashicorp/aws",
          "schema_version": 1,
          "values": {
            "ami": "ami-005f9685cb30f234b",
            "credit_specification": [],
            "get_password_data": false,
            "hibernation": null,
            "instance_type": "t2.micro",
            "launch_template": [],
            "source_dest_check": true,
            "tags": {
              "Cluster": "rpc",
              "Env": "canary",
              "Name": "rpc-canary01",
              "OS": "linux",
              "Service": "rpc"
            },
            "tags_all": {
              "Cluster": "rpc",
              "Env": "canary",
              "Name": "rpc-canary01",
              "OS": "linux",
              "Service": "rpc"
            },
            "timeouts": null,
            "user_data_replace_on_change": false,
            "volume_tags": null
          },
          "sensitive_values": {
            "capacity_reservation_specification": [],
            "credit_specification": [],
            "ebs_block_device": [],
            "enclave_options": [],
            "ephemeral_block_device": [],
            "ipv6_addresses": [],
            "launch_template": [],
            "maintenance_options": [],
            "metadata_options": [],
            "network_interface": [],
            "private_dns_name_options": [],
            "root_block_device": [],
            "secondary_private_ips": [],
            "security_groups": [],
            "tags": {},
            "tags_all": {},
            "vpc_security_group_ids": []
          }
        }
      ]
    }
  },
  "resource_changes": [
    {
      "address": "aws_ebs_volume.example",
      "mode": "managed",
      "type": "aws_ebs_volume",
      "name": "example",
      "provider_name": "registry.terraform.io/hashicorp/aws",
      "change": {
        "actions": [
          "create"
        ],
        "before": null,
        "after": {
          "availability_zone": "us-east-1a",
          "final_snapshot": false,
          "multi_attach_enabled": null,
          "outpost_arn": null,
          "size": 8,
          "tags": {
            "Name": "HelloWorld 01"
          },
          "tags_all": {
            "Name": "HelloWorld 01"
          },
          "timeouts": null
        },
        "after_unknown": {
          "arn": true,
          "encrypted": true,
          "id": true,
          "iops": true,
          "kms_key_id": true,
          "snapshot_id": true,
          "tags": {},
          "tags_all": {},
          "throughput": true,
          "type": true
        },
        "before_sensitive": false,
        "after_sensitive": {
          "tags": {},
          "tags_all": {}
        }
      }
    },
    {
      "address": "aws_instance.api-canary01",
      "mode": "managed",
      "type": "aws_instance",
      "name": "api-canary01",
      "provider_name": "registry.terraform.io/hashicorp/aws",
      "change": {
        "actions": [
          "create"
        ],
        "before": null,
        "after": {
          "ami": "ami-005f9685cb30f234b",
          "credit_specification": [],
          "get_password_data": false,
          "hibernation": null,
          "instance_type": "t2.micro",
          "launch_template": [],
          "source_dest_check": true,
          "tags": {
            "Env": "canary",
            "Name": "api-canary01",
            "OS": "redhat",
            "Service": "api"
          },
          "tags_all": {
            "Env": "canary",
            "Name": "api-canary01",
            "OS": "redhat",
            "Service": "api"
          },
          "timeouts": null,
          "user_data_replace_on_change": false,
          "volume_tags": null
        },
        "after_unknown": {
          "arn": true,
          "associate_public_ip_address": true,
          "availability_zone": true,
          "capacity_reservation_specification": true,
          "cpu_core_count": true,
          "cpu_threads_per_core": true,
          "credit_specification": [],
          "disable_api_stop": true,
          "disable_api_termination": true,
          "ebs_block_device": true,
          "ebs_optimized": true,
          "enclave_options": true,
          "ephemeral_block_device": true,
          "host_id": true,
          "host_resource_group_arn": true,
          "iam_instance_profile": true,
          "id": true,
          "instance_initiated_shutdown_behavior": true,
          "instance_state": true,
          "ipv6_address_count": true,
          "ipv6_addresses": true,
          "key_name": true,
          "launch_template": [],
          "maintenance_options": true,
          "metadata_options": true,
          "monitoring": true,
          "network_interface": true,
          "outpost_arn": true,
          "password_data": true,
          "placement_group": true,
          "placement_partition_number": true,
          "primary_network_interface_id": true,
          "private_dns": true,
          "private_dns_name_options": true,
          "private_ip": true,
          "public_dns": true,
          "public_ip": true,
          "root_block_device": true,
          "secondary_private_ips": true,
          "security_groups": true,
          "subnet_id": true,
          "tags": {},
          "tags_all": {},
          "tenancy": true,
          "user_data": true,
          "user_data_base64": true,
          "vpc_security_group_ids": true
        },
        "before_sensitive": false,
        "after_sensitive": {
          "capacity_reservation_specification": [],
          "credit_specification": [],
          "ebs_block_device": [],
          "enclave_options": [],
          "ephemeral_block_device": [],
          "ipv6_addresses": [],
          "launch_template": [],
          "maintenance_options": [],
          "metadata_options": [],
          "network_interface": [],
          "private_dns_name_options": [],
          "root_block_device": [],
          "secondary_private_ips": [],
          "security_groups": [],
          "tags": {},
          "tags_all": {},
          "vpc_security_group_ids": []
        }
      }
    },
    {
      "address": "aws_instance.api-canary02",
      "mode": "managed",
      "type": "aws_instance",
      "name": "api-canary02",
      "provider_name": "registry.terraform.io/hashicorp/aws",
      "change": {
        "actions": [
          "create"
        ],
        "before": null,
        "after": {
          "ami": "ami-005f9685cb30f234b",
          "credit_specification": [],
          "get_password_data": false,
          "hibernation": null,
          "instance_type": "t2.micro",
          "launch_template": [],
          "source_dest_check": true,
          "tags": {
            "Env": "canary",
            "Name": "api-canary02",
            "Service": "api"
          },
          "tags_all": {
            "Env": "canary",
            "Name": "api-canary02",
            "Service": "api"
          },
          "timeouts": null,
          "user_data_replace_on_change": false,
          "volume_tags": null
        },
        "after_unknown": {
          "arn": true,
          "associate_public_ip_address": true,
          "availability_zone": true,
          "capacity_reservation_specification": true,
          "cpu_core_count": true,
          "cpu_threads_per_core": true,
          "credit_specification": [],
          "disable_api_stop": true,
          "disable_api_termination": true,
          "ebs_block_device": true,
          "ebs_optimized": true,
          "enclave_options": true,
          "ephemeral_block_device": true,
          "host_id": true,
          "host_resource_group_arn": true,
          "iam_instance_profile": true,
          "id": true,
          "instance_initiated_shutdown_behavior": true,
          "instance_state": true,
          "ipv6_address_count": true,
          "ipv6_addresses": true,
          "key_name": true,
          "launch_template": [],
          "maintenance_options": true,
          "metadata_options": true,
          "monitoring": true,
          "network_interface": true,
          "outpost_arn": true,
          "password_data": true,
          "placement_group": true,
          "placement_partition_number": true,
          "primary_network_interface_id": true,
          "private_dns": true,
          "private_dns_name_options": true,
          "private_ip": true,
          "public_dns": true,
          "public_ip": true,
          "root_block_device": true,
          "secondary_private_ips": true,
          "security_groups": true,
          "subnet_id": true,
          "tags": {},
          "tags_all": {},
          "tenancy": true,
          "user_data": true,
          "user_data_base64": true,
          "vpc_security_group_ids": true
        },
        "before_sensitive": false,
        "after_sensitive": {
          "capacity_reservation_specification": [],
          "credit_specification": [],
          "ebs_block_device": [],
          "enclave_options": [],
          "ephemeral_block_device": [],
          "ipv6_addresses": [],
          "launch_template": [],
          "maintenance_options": [],
          "metadata_options": [],
          "network_interface": [],
          "private_dns_name_options": [],
          "root_block_device": [],
          "secondary_private_ips": [],
          "security_groups": [],
          "tags": {},
          "tags_all": {},
          "vpc_security_group_ids": []
        }
      }
    },
    {
      "address": "aws_instance.rpc-canary01",
      "mode": "managed",
      "type": "aws_instance",
      "name": "rpc-canary01",
      "provider_name": "registry.terraform.io/hashicorp/aws",
      "change": {
        "actions": [
          "create"
        ],
        "before": null,
        "after": {
          "ami": "ami-005f9685cb30f234b",
          "credit_specification": [],
          "get_password_data": false,
          "hibernation": null,
          "instance_type": "t2.micro",
          "launch_template": [],
          "source_dest_check": true,
          "tags": {
            "Cluster": "rpc",
            "Env": "canary",
            "Name": "rpc-canary01",
            "OS": "linux",
            "Service": "rpc"
          },
          "tags_all": {
            "Cluster": "rpc",
            "Env": "canary",
            "Name": "rpc-canary01",
            "OS": "linux",
            "Service": "rpc"
          },
          "timeouts": null,
          "user_data_replace_on_change": false,
          "volume_tags": null
        },
        "after_unknown": {
          "arn": true,
          "associate_public_ip_address": true,
          "availability_zone": true,
          "capacity_reservation_specification": true,
          "cpu_core_count": true,
          "cpu_threads_per_core": true,
          "credit_specification": [],
          "disable_api_stop": true,
          "disable_api_termination": true,
          "ebs_block_device": true,
          "ebs_optimized": true,
          "enclave_options": true,
          "ephemeral_block_device": true,
          "host_id": true,
          "host_resource_group_arn": true,
          "iam_instance_profile": true,
          "id": true,
          "instance_initiated_shutdown_behavior": true,
          "instance_state": true,
          "ipv6_address_count": true,
          "ipv6_addresses": true,
          "key_name": true,
          "launch_template": [],
          "maintenance_options": true,
          "metadata_options": true,
          "monitoring": true,
          "network_interface": true,
          "outpost_arn": true,
          "password_data": true,
          "placement_group": true,
          "placement_partition_number": true,
          "primary_network_interface_id": true,
          "private_dns": true,
          "private_dns_name_options": true,
          "private_ip": true,
          "public_dns": true,
          "public_ip": true,
          "root_block_device": true,
          "secondary_private_ips": true,
          "security_groups": true,
          "subnet_id": true,
          "tags": {},
          "tags_all": {},
          "tenancy": true,
          "user_data": true,
          "user_data_base64": true,
          "vpc_security_group_ids": true
        },
        "before_sensitive": false,
        "after_sensitive": {
          "capacity_reservation_specification": [],
          "credit_specification": [],
          "ebs_block_device": [],
          "enclave_options": [],
          "ephemeral_block_device": [],
          "ipv6_addresses": [],
          "launch_template": [],
          "maintenance_options": [],
          "metadata_options": [],
          "network_interface": [],
          "private_dns_name_options": [],
          "root_block_device": [],
          "secondary_private_ips": [],
          "security_groups": [],
          "tags": {},
          "tags_all": {},
          "vpc_security_group_ids": []
        }
      }
    }
  ],
  "configuration": {
    "provider_config": {
      "aws": {
        "name": "aws",
        "full_name": "registry.terraform.io/hashicorp/aws",
        "expressions": {
          "region": {
            "constant_value": "us-east-1"
          }
        }
      }
    },
    "root_module": {
      "resources": [
        {
          "address": "aws_ebs_volume.example",
          "mode": "managed",
          "type": "aws_ebs_volume",
          "name": "example",
          "provider_config_key": "aws",
          "expressions": {
            "availability_zone": {
              "constant_value": "us-east-1a"
            },
            "size": {
              "constant_value": 8
            },
            "tags": {
              "constant_value": {
                "Name": "HelloWorld 01"
              }
            }
          },
          "schema_version": 0
        },
        {
          "address": "aws_instance.api-canary01",
          "mode": "managed",
          "type": "aws_instance",
          "name": "api-canary01",
          "provider_config_key": "aws",
          "expressions": {
            "ami": {
              "constant_value": "ami-005f9685cb30f234b"
            },
            "instance_type": {
              "constant_value": "t2.micro"
            },
            "tags": {
              "constant_value": {
                "Env": "canary",
                "Name": "api-canary01",
                "OS": "redhat",
                "Service": "api"
              }
            }
          },
          "schema_version": 1
        },
        {
          "address": "aws_instance.api-canary02",
          "mode": "managed",
          "type": "aws_instance",
          "name": "api-canary02",
          "provider_config_key": "aws",
          "expressions": {
            "ami": {
              "constant_value": "ami-005f9685cb30f234b"
            },
            "instance_type": {
              "constant_value": "t2.micro"
            },
            "tags": {
              "constant_value": {
                "Env": "canary",
                "Name": "api-canary02",
                "Service": "api"
              }
            }
          },
          "schema_version": 1
        },
        {
          "address": "aws_instance.rpc-canary01",
          "mode": "managed",
          "type": "aws_instance",
          "name": "rpc-canary01",
          "provider_config_key": "aws",
          "expressions": {
            "ami": {
              "constant_value": "ami-005f9685cb30f234b"
            },
            "instance_type": {
              "constant_value": "t2.micro"
            },
            "tags": {
              "constant_value": {
                "Cluster": "rpc",
                "Env": "canary",
                "Name": "rpc-canary01",
                "OS": "linux",
                "Service": "rpc"
              }
            }
          },
          "schema_version": 1
        }
      ]
    }
  }
}
